<?xml version="1.0" encoding="UTF-8"?>
<!DOCTYPE plist PUBLIC "-//Apple//DTD PLIST 1.0//EN" "http://www.apple.com/DTDs/PropertyList-1.0.dtd">
<plist version="1.0">
<dict>
	<key>archiveVersion</key>
	<string>1</string>
	<key>classes</key>
	<dict/>
	<key>objectVersion</key>
	<string>46</string>
	<key>objects</key>
	<dict>
		<key>01A23BF6B4CE0FFEFD32837C</key>
		<dict>
			<key>includeInIndex</key>
			<string>1</string>
			<key>isa</key>
			<string>PBXFileReference</string>
			<key>lastKnownFileType</key>
			<string>text.xcconfig</string>
			<key>name</key>
			<string>Pods-SwiftyCardController.debug.xcconfig</string>
			<key>path</key>
			<string>Pods/Target Support Files/Pods-SwiftyCardController/Pods-SwiftyCardController.debug.xcconfig</string>
			<key>sourceTree</key>
			<string>&lt;group&gt;</string>
		</dict>
		<key>0AC2B1A11A59860B88FD4362</key>
		<dict>
			<key>includeInIndex</key>
			<string>1</string>
			<key>isa</key>
			<string>PBXFileReference</string>
			<key>lastKnownFileType</key>
			<string>text.xcconfig</string>
			<key>name</key>
			<string>Pods-CardsTests.release.xcconfig</string>
			<key>path</key>
			<string>Pods/Target Support Files/Pods-CardsTests/Pods-CardsTests.release.xcconfig</string>
			<key>sourceTree</key>
			<string>&lt;group&gt;</string>
		</dict>
		<key>111EC9D1CC3238970092D4A2</key>
		<dict>
			<key>buildActionMask</key>
			<string>2147483647</string>
			<key>files</key>
			<array/>
			<key>inputPaths</key>
			<array/>
			<key>isa</key>
			<string>PBXShellScriptBuildPhase</string>
			<key>name</key>
			<string>[CP] Check Pods Manifest.lock</string>
			<key>outputPaths</key>
			<array/>
			<key>runOnlyForDeploymentPostprocessing</key>
			<string>0</string>
			<key>shellPath</key>
			<string>/bin/sh</string>
			<key>shellScript</key>
			<string>diff "${PODS_ROOT}/../Podfile.lock" "${PODS_ROOT}/Manifest.lock" &gt; /dev/null
if [[ $? != 0 ]] ; then
    cat &lt;&lt; EOM
error: The sandbox is not in sync with the Podfile.lock. Run 'pod install' or update your CocoaPods installation.
EOM
    exit 1
fi
</string>
			<key>showEnvVarsInLog</key>
			<string>0</string>
		</dict>
		<key>11226267F8077378B42D33D7</key>
		<dict>
			<key>explicitFileType</key>
			<string>wrapper.framework</string>
			<key>includeInIndex</key>
			<string>0</string>
			<key>isa</key>
			<string>PBXFileReference</string>
			<key>path</key>
			<string>Pods_SwiftyCardControllerTests.framework</string>
			<key>sourceTree</key>
			<string>BUILT_PRODUCTS_DIR</string>
		</dict>
		<key>37FF83F8B99884FC37F67A03</key>
		<dict>
			<key>includeInIndex</key>
			<string>1</string>
			<key>isa</key>
			<string>PBXFileReference</string>
			<key>lastKnownFileType</key>
			<string>text.xcconfig</string>
			<key>name</key>
			<string>Pods-Cards.debug.xcconfig</string>
			<key>path</key>
			<string>Pods/Target Support Files/Pods-Cards/Pods-Cards.debug.xcconfig</string>
			<key>sourceTree</key>
			<string>&lt;group&gt;</string>
		</dict>
		<key>49B057731E5A08D100A1213A</key>
		<dict>
			<key>fileEncoding</key>
			<string>4</string>
			<key>isa</key>
			<string>PBXFileReference</string>
			<key>lastKnownFileType</key>
			<string>text.plist.xml</string>
			<key>name</key>
			<string>Info.plist</string>
			<key>path</key>
			<string>SwiftyCardController/Info.plist</string>
			<key>sourceTree</key>
			<string>SOURCE_ROOT</string>
		</dict>
		<key>49B057751E5A08E300A1213A</key>
		<dict>
			<key>fileEncoding</key>
			<string>4</string>
			<key>isa</key>
			<string>PBXFileReference</string>
			<key>lastKnownFileType</key>
			<string>sourcecode.swift</string>
			<key>name</key>
			<string>CardAppearanceCalculator.swift</string>
			<key>path</key>
			<string>SwiftyCardController/CardAppearanceCalculator.swift</string>
			<key>sourceTree</key>
			<string>SOURCE_ROOT</string>
		</dict>
		<key>49B057761E5A08E300A1213A</key>
		<dict>
			<key>fileEncoding</key>
			<string>4</string>
			<key>isa</key>
			<string>PBXFileReference</string>
			<key>lastKnownFileType</key>
			<string>sourcecode.swift</string>
			<key>name</key>
			<string>CardMaskShapeLayer.swift</string>
			<key>path</key>
			<string>SwiftyCardController/CardMaskShapeLayer.swift</string>
			<key>sourceTree</key>
			<string>SOURCE_ROOT</string>
		</dict>
		<key>49B057791E5A08E300A1213A</key>
		<dict>
			<key>fileRef</key>
			<string>49B057751E5A08E300A1213A</string>
			<key>isa</key>
			<string>PBXBuildFile</string>
		</dict>
		<key>49B0577A1E5A08E300A1213A</key>
		<dict>
			<key>fileRef</key>
			<string>49B057761E5A08E300A1213A</string>
			<key>isa</key>
			<string>PBXBuildFile</string>
		</dict>
		<key>49B0577D1E5A08F000A1213A</key>
		<dict>
			<key>fileEncoding</key>
			<string>4</string>
			<key>isa</key>
			<string>PBXFileReference</string>
			<key>lastKnownFileType</key>
			<string>sourcecode.swift</string>
			<key>name</key>
			<string>CardScrollView.swift</string>
			<key>path</key>
			<string>SwiftyCardController/CardScrollView.swift</string>
			<key>sourceTree</key>
			<string>SOURCE_ROOT</string>
		</dict>
		<key>49B0577E1E5A08F000A1213A</key>
		<dict>
			<key>fileEncoding</key>
			<string>4</string>
			<key>isa</key>
			<string>PBXFileReference</string>
			<key>lastKnownFileType</key>
			<string>sourcecode.swift</string>
			<key>name</key>
			<string>CardStackController.swift</string>
			<key>path</key>
			<string>SwiftyCardController/CardStackController.swift</string>
			<key>sourceTree</key>
			<string>SOURCE_ROOT</string>
		</dict>
		<key>49B0577F1E5A08F000A1213A</key>
		<dict>
			<key>fileEncoding</key>
			<string>4</string>
			<key>isa</key>
			<string>PBXFileReference</string>
			<key>lastKnownFileType</key>
			<string>sourcecode.c.h</string>
			<key>name</key>
			<string>SwiftyCardStackController.h</string>
			<key>path</key>
			<string>SwiftyCardController/SwiftyCardStackController.h</string>
			<key>sourceTree</key>
			<string>SOURCE_ROOT</string>
		</dict>
		<key>49B057801E5A08F000A1213A</key>
		<dict>
			<key>fileEncoding</key>
			<string>4</string>
			<key>isa</key>
			<string>PBXFileReference</string>
			<key>lastKnownFileType</key>
			<string>sourcecode.swift</string>
			<key>name</key>
			<string>TransitionCoordinator.swift</string>
			<key>path</key>
			<string>SwiftyCardController/TransitionCoordinator.swift</string>
			<key>sourceTree</key>
			<string>SOURCE_ROOT</string>
		</dict>
		<key>49B057811E5A08F000A1213A</key>
		<dict>
			<key>fileRef</key>
			<string>49B0577D1E5A08F000A1213A</string>
			<key>isa</key>
			<string>PBXBuildFile</string>
		</dict>
		<key>49B057821E5A08F000A1213A</key>
		<dict>
			<key>fileRef</key>
			<string>49B0577E1E5A08F000A1213A</string>
			<key>isa</key>
			<string>PBXBuildFile</string>
		</dict>
		<key>49B057831E5A08F000A1213A</key>
		<dict>
			<key>fileRef</key>
			<string>49B0577F1E5A08F000A1213A</string>
			<key>isa</key>
			<string>PBXBuildFile</string>
		</dict>
		<key>49B057841E5A08F000A1213A</key>
		<dict>
			<key>fileRef</key>
			<string>49B057801E5A08F000A1213A</string>
			<key>isa</key>
			<string>PBXBuildFile</string>
		</dict>
		<key>49B057851E5A08F500A1213A</key>
		<dict>
			<key>fileEncoding</key>
			<string>4</string>
			<key>isa</key>
			<string>PBXFileReference</string>
			<key>lastKnownFileType</key>
			<string>sourcecode.swift</string>
			<key>name</key>
			<string>CardMaskView.swift</string>
			<key>path</key>
			<string>SwiftyCardController/CardMaskView.swift</string>
			<key>sourceTree</key>
			<string>SOURCE_ROOT</string>
		</dict>
		<key>49B057861E5A08F500A1213A</key>
		<dict>
			<key>fileRef</key>
			<string>49B057851E5A08F500A1213A</string>
			<key>isa</key>
			<string>PBXBuildFile</string>
		</dict>
		<key>49B057871E5A090600A1213A</key>
		<dict>
			<key>isa</key>
			<string>PBXFileReference</string>
			<key>lastKnownFileType</key>
			<string>folder.assetcatalog</string>
			<key>name</key>
			<string>Images.xcassets</string>
			<key>path</key>
			<string>SwiftyCardController/Images.xcassets</string>
			<key>sourceTree</key>
			<string>SOURCE_ROOT</string>
		</dict>
		<key>49B057881E5A090600A1213A</key>
		<dict>
			<key>fileRef</key>
			<string>49B057871E5A090600A1213A</string>
			<key>isa</key>
			<string>PBXBuildFile</string>
		</dict>
		<key>49B13447AF46476B7CC61B3E</key>
		<dict>
			<key>explicitFileType</key>
			<string>wrapper.framework</string>
			<key>includeInIndex</key>
			<string>0</string>
			<key>isa</key>
			<string>PBXFileReference</string>
			<key>path</key>
			<string>Pods_CardsTests.framework</string>
			<key>sourceTree</key>
			<string>BUILT_PRODUCTS_DIR</string>
		</dict>
		<key>6787F0F6D798D8CF1E9E55C6</key>
		<dict>
			<key>fileRef</key>
			<string>7B22AF379D885992BD98B591</string>
			<key>isa</key>
			<string>PBXBuildFile</string>
		</dict>
		<key>7517D55FE27B69F60536B170</key>
		<dict>
			<key>fileRef</key>
			<string>49B13447AF46476B7CC61B3E</string>
			<key>isa</key>
			<string>PBXBuildFile</string>
		</dict>
		<key>7B22AF379D885992BD98B591</key>
		<dict>
			<key>explicitFileType</key>
			<string>wrapper.framework</string>
			<key>includeInIndex</key>
			<string>0</string>
			<key>isa</key>
			<string>PBXFileReference</string>
			<key>path</key>
			<string>Pods_SwiftyCardController.framework</string>
			<key>sourceTree</key>
			<string>BUILT_PRODUCTS_DIR</string>
		</dict>
		<key>7DF57BDE4729448CD0B8596E</key>
		<dict>
			<key>buildActionMask</key>
			<string>2147483647</string>
			<key>files</key>
			<array/>
			<key>inputPaths</key>
			<array/>
			<key>isa</key>
			<string>PBXShellScriptBuildPhase</string>
			<key>name</key>
			<string>[CP] Check Pods Manifest.lock</string>
			<key>outputPaths</key>
			<array/>
			<key>runOnlyForDeploymentPostprocessing</key>
			<string>0</string>
			<key>shellPath</key>
			<string>/bin/sh</string>
			<key>shellScript</key>
			<string>diff "${PODS_ROOT}/../Podfile.lock" "${PODS_ROOT}/Manifest.lock" &gt; /dev/null
if [[ $? != 0 ]] ; then
    cat &lt;&lt; EOM
error: The sandbox is not in sync with the Podfile.lock. Run 'pod install' or update your CocoaPods installation.
EOM
    exit 1
fi
</string>
			<key>showEnvVarsInLog</key>
			<string>0</string>
		</dict>
		<key>8499814F6BA18444663A09A3</key>
		<dict>
			<key>children</key>
			<array>
				<string>B6DC48E30BC60897D960C335</string>
				<string>0AC2B1A11A59860B88FD4362</string>
				<string>37FF83F8B99884FC37F67A03</string>
				<string>C6A20F4801600AA09FABA9A0</string>
				<string>01A23BF6B4CE0FFEFD32837C</string>
				<string>E6834F02198F7D336EF70261</string>
				<string>9C6AE3D37475977FBF37C210</string>
				<string>CCD7541FD9AF5A66D1185C81</string>
			</array>
			<key>isa</key>
			<string>PBXGroup</string>
			<key>name</key>
			<string>Pods</string>
			<key>sourceTree</key>
			<string>&lt;group&gt;</string>
		</dict>
		<key>95CD4A11513AA19A5238D200</key>
		<dict>
			<key>buildActionMask</key>
			<string>2147483647</string>
			<key>files</key>
			<array/>
			<key>inputPaths</key>
			<array/>
			<key>isa</key>
			<string>PBXShellScriptBuildPhase</string>
			<key>name</key>
			<string>[CP] Copy Pods Resources</string>
			<key>outputPaths</key>
			<array/>
			<key>runOnlyForDeploymentPostprocessing</key>
			<string>0</string>
			<key>shellPath</key>
			<string>/bin/sh</string>
			<key>shellScript</key>
			<string>"${SRCROOT}/Pods/Target Support Files/Pods-SwiftyCardControllerTests/Pods-SwiftyCardControllerTests-resources.sh"
</string>
			<key>showEnvVarsInLog</key>
			<string>0</string>
		</dict>
		<key>9C339EC47FA5923361E3A429</key>
		<dict>
			<key>explicitFileType</key>
			<string>wrapper.framework</string>
			<key>includeInIndex</key>
			<string>0</string>
			<key>isa</key>
			<string>PBXFileReference</string>
			<key>path</key>
			<string>Pods_SwiftyCardController.framework</string>
			<key>sourceTree</key>
			<string>BUILT_PRODUCTS_DIR</string>
		</dict>
		<key>9C6AE3D37475977FBF37C210</key>
		<dict>
			<key>includeInIndex</key>
			<string>1</string>
			<key>isa</key>
			<string>PBXFileReference</string>
			<key>lastKnownFileType</key>
			<string>text.xcconfig</string>
			<key>name</key>
			<string>Pods-SwiftyCardControllerTests.debug.xcconfig</string>
			<key>path</key>
			<string>Pods/Target Support Files/Pods-SwiftyCardControllerTests/Pods-SwiftyCardControllerTests.debug.xcconfig</string>
			<key>sourceTree</key>
			<string>&lt;group&gt;</string>
		</dict>
		<key>A12041491B9A385D00E80140</key>
		<dict>
			<key>fileEncoding</key>
			<string>4</string>
			<key>isa</key>
			<string>PBXFileReference</string>
			<key>lastKnownFileType</key>
			<string>sourcecode.swift</string>
			<key>path</key>
			<string>CardStackControllerSpec.swift</string>
			<key>sourceTree</key>
			<string>&lt;group&gt;</string>
		</dict>
		<key>A120414A1B9A385D00E80140</key>
		<dict>
			<key>fileRef</key>
			<string>A12041491B9A385D00E80140</string>
			<key>isa</key>
			<string>PBXBuildFile</string>
		</dict>
		<key>A19D72BC1A5B3E7D003DDC63</key>
		<dict>
			<key>children</key>
			<array>
				<string>A19D72C81A5B3E7D003DDC63</string>
				<string>A19D72D51A5B3E7D003DDC63</string>
				<string>A19D72C71A5B3E7D003DDC63</string>
				<string>E0B12D40077595BA6659B39D</string>
				<string>8499814F6BA18444663A09A3</string>
			</array>
			<key>indentWidth</key>
			<string>4</string>
			<key>isa</key>
			<string>PBXGroup</string>
			<key>sourceTree</key>
			<string>&lt;group&gt;</string>
			<key>tabWidth</key>
			<string>4</string>
		</dict>
		<key>A19D72BD1A5B3E7D003DDC63</key>
		<dict>
			<key>attributes</key>
			<dict>
				<key>LastSwiftUpdateCheck</key>
				<string>0710</string>
				<key>LastUpgradeCheck</key>
				<string>0820</string>
				<key>ORGANIZATIONNAME</key>
				<string>Andrew Sowers</string>
				<key>TargetAttributes</key>
				<dict>
					<key>A19D72C51A5B3E7D003DDC63</key>
					<dict>
						<key>CreatedOnToolsVersion</key>
						<string>6.2</string>
						<key>LastSwiftMigration</key>
						<string>0820</string>
					</dict>
					<key>A19D72D01A5B3E7D003DDC63</key>
					<dict>
						<key>CreatedOnToolsVersion</key>
						<string>6.2</string>
						<key>DevelopmentTeam</key>
						<string>2DP9335PZJ</string>
						<key>LastSwiftMigration</key>
						<string>0820</string>
					</dict>
				</dict>
			</dict>
			<key>buildConfigurationList</key>
			<string>A19D72C01A5B3E7D003DDC63</string>
			<key>compatibilityVersion</key>
			<string>Xcode 3.2</string>
			<key>developmentRegion</key>
			<string>English</string>
			<key>hasScannedForEncodings</key>
			<string>0</string>
			<key>isa</key>
			<string>PBXProject</string>
			<key>knownRegions</key>
			<array>
				<string>en</string>
			</array>
			<key>mainGroup</key>
			<string>A19D72BC1A5B3E7D003DDC63</string>
			<key>productRefGroup</key>
			<string>A19D72C71A5B3E7D003DDC63</string>
			<key>projectDirPath</key>
			<string></string>
			<key>projectReferences</key>
			<array/>
			<key>projectRoot</key>
			<string></string>
			<key>targets</key>
			<array>
				<string>A19D72C51A5B3E7D003DDC63</string>
				<string>A19D72D01A5B3E7D003DDC63</string>
			</array>
		</dict>
		<key>A19D72C01A5B3E7D003DDC63</key>
		<dict>
			<key>buildConfigurations</key>
			<array>
				<string>A19D72DA1A5B3E7D003DDC63</string>
				<string>A19D72DB1A5B3E7D003DDC63</string>
			</array>
			<key>defaultConfigurationIsVisible</key>
			<string>0</string>
			<key>defaultConfigurationName</key>
			<string>Release</string>
			<key>isa</key>
			<string>XCConfigurationList</string>
		</dict>
		<key>A19D72C11A5B3E7D003DDC63</key>
		<dict>
			<key>buildActionMask</key>
			<string>2147483647</string>
			<key>files</key>
			<array>
				<string>49B057861E5A08F500A1213A</string>
				<string>49B057821E5A08F000A1213A</string>
				<string>49B057811E5A08F000A1213A</string>
				<string>49B057791E5A08E300A1213A</string>
				<string>49B057841E5A08F000A1213A</string>
				<string>49B0577A1E5A08E300A1213A</string>
			</array>
			<key>isa</key>
			<string>PBXSourcesBuildPhase</string>
			<key>runOnlyForDeploymentPostprocessing</key>
			<string>0</string>
		</dict>
		<key>A19D72C21A5B3E7D003DDC63</key>
		<dict>
			<key>buildActionMask</key>
			<string>2147483647</string>
			<key>files</key>
			<array>
				<string>6787F0F6D798D8CF1E9E55C6</string>
				<string>A88178B4E90B1C689FC11D43</string>
			</array>
			<key>isa</key>
			<string>PBXFrameworksBuildPhase</string>
			<key>runOnlyForDeploymentPostprocessing</key>
			<string>0</string>
		</dict>
		<key>A19D72C31A5B3E7D003DDC63</key>
		<dict>
			<key>buildActionMask</key>
			<string>2147483647</string>
			<key>files</key>
			<array>
				<string>49B057831E5A08F000A1213A</string>
			</array>
			<key>isa</key>
			<string>PBXHeadersBuildPhase</string>
			<key>runOnlyForDeploymentPostprocessing</key>
			<string>0</string>
		</dict>
		<key>A19D72C41A5B3E7D003DDC63</key>
		<dict>
			<key>buildActionMask</key>
			<string>2147483647</string>
			<key>files</key>
			<array>
				<string>49B057881E5A090600A1213A</string>
			</array>
			<key>isa</key>
			<string>PBXResourcesBuildPhase</string>
			<key>runOnlyForDeploymentPostprocessing</key>
			<string>0</string>
		</dict>
		<key>A19D72C51A5B3E7D003DDC63</key>
		<dict>
			<key>buildConfigurationList</key>
			<string>A19D72DC1A5B3E7D003DDC63</string>
			<key>buildPhases</key>
			<array>
				<string>7DF57BDE4729448CD0B8596E</string>
				<string>A19D72C11A5B3E7D003DDC63</string>
				<string>A19D72C21A5B3E7D003DDC63</string>
				<string>A19D72C31A5B3E7D003DDC63</string>
				<string>A19D72C41A5B3E7D003DDC63</string>
				<string>ECEDE886D9AC32EE6E4FB086</string>
			</array>
			<key>buildRules</key>
			<array/>
			<key>dependencies</key>
			<array/>
			<key>isa</key>
			<string>PBXNativeTarget</string>
			<key>name</key>
			<string>SwiftyCardController</string>
			<key>productName</key>
			<string>Cards</string>
			<key>productReference</key>
			<string>A19D72C61A5B3E7D003DDC63</string>
			<key>productType</key>
			<string>com.apple.product-type.framework</string>
		</dict>
		<key>A19D72C61A5B3E7D003DDC63</key>
		<dict>
			<key>explicitFileType</key>
			<string>wrapper.framework</string>
			<key>includeInIndex</key>
			<string>0</string>
			<key>isa</key>
			<string>PBXFileReference</string>
			<key>path</key>
			<string>SwiftyCardController.framework</string>
			<key>sourceTree</key>
			<string>BUILT_PRODUCTS_DIR</string>
		</dict>
		<key>A19D72C71A5B3E7D003DDC63</key>
		<dict>
			<key>children</key>
			<array>
				<string>A19D72C61A5B3E7D003DDC63</string>
				<string>A19D72D11A5B3E7D003DDC63</string>
			</array>
			<key>isa</key>
			<string>PBXGroup</string>
			<key>name</key>
			<string>Products</string>
			<key>sourceTree</key>
			<string>&lt;group&gt;</string>
		</dict>
		<key>A19D72C81A5B3E7D003DDC63</key>
		<dict>
			<key>children</key>
			<array>
				<string>A19D72C91A5B3E7D003DDC63</string>
				<string>49B057871E5A090600A1213A</string>
				<string>49B0577F1E5A08F000A1213A</string>
				<string>49B0577E1E5A08F000A1213A</string>
				<string>49B057751E5A08E300A1213A</string>
				<string>49B057761E5A08E300A1213A</string>
				<string>49B057851E5A08F500A1213A</string>
				<string>49B0577D1E5A08F000A1213A</string>
				<string>49B057801E5A08F000A1213A</string>
			</array>
			<key>isa</key>
			<string>PBXGroup</string>
			<key>name</key>
			<string>SwiftyCardController</string>
			<key>path</key>
			<string>Cards</string>
			<key>sourceTree</key>
			<string>&lt;group&gt;</string>
		</dict>
		<key>A19D72C91A5B3E7D003DDC63</key>
		<dict>
			<key>children</key>
			<array>
				<string>49B057731E5A08D100A1213A</string>
			</array>
			<key>isa</key>
			<string>PBXGroup</string>
			<key>name</key>
			<string>Supporting Files</string>
			<key>sourceTree</key>
			<string>&lt;group&gt;</string>
		</dict>
		<key>A19D72CD1A5B3E7D003DDC63</key>
		<dict>
			<key>buildActionMask</key>
			<string>2147483647</string>
			<key>files</key>
			<array>
				<string>A120414A1B9A385D00E80140</string>
			</array>
			<key>isa</key>
			<string>PBXSourcesBuildPhase</string>
			<key>runOnlyForDeploymentPostprocessing</key>
			<string>0</string>
		</dict>
		<key>A19D72CE1A5B3E7D003DDC63</key>
		<dict>
			<key>buildActionMask</key>
			<string>2147483647</string>
			<key>files</key>
			<array>
				<string>A19D72D21A5B3E7D003DDC63</string>
				<string>7517D55FE27B69F60536B170</string>
				<string>BB6718D68D0C76530DEFA378</string>
			</array>
			<key>isa</key>
			<string>PBXFrameworksBuildPhase</string>
			<key>runOnlyForDeploymentPostprocessing</key>
			<string>0</string>
		</dict>
		<key>A19D72D01A5B3E7D003DDC63</key>
		<dict>
			<key>buildConfigurationList</key>
			<string>A19D72DF1A5B3E7D003DDC63</string>
			<key>buildPhases</key>
			<array>
				<string>111EC9D1CC3238970092D4A2</string>
				<string>A19D72CD1A5B3E7D003DDC63</string>
				<string>A19D72CE1A5B3E7D003DDC63</string>
				<string>DBD4B9B047062F5945A7CED4</string>
				<string>95CD4A11513AA19A5238D200</string>
			</array>
			<key>buildRules</key>
			<array/>
			<key>dependencies</key>
			<array>
				<string>A19D72D41A5B3E7D003DDC63</string>
			</array>
			<key>isa</key>
			<string>PBXNativeTarget</string>
			<key>name</key>
			<string>SwiftyCardControllerTests</string>
			<key>productName</key>
			<string>CardsTests</string>
			<key>productReference</key>
			<string>A19D72D11A5B3E7D003DDC63</string>
			<key>productType</key>
			<string>com.apple.product-type.bundle.unit-test</string>
		</dict>
		<key>A19D72D11A5B3E7D003DDC63</key>
		<dict>
			<key>explicitFileType</key>
			<string>wrapper.cfbundle</string>
			<key>includeInIndex</key>
			<string>0</string>
			<key>isa</key>
			<string>PBXFileReference</string>
			<key>path</key>
			<string>SwiftyCardControllerTests.xctest</string>
			<key>sourceTree</key>
			<string>BUILT_PRODUCTS_DIR</string>
		</dict>
		<key>A19D72D21A5B3E7D003DDC63</key>
		<dict>
			<key>fileRef</key>
			<string>A19D72C61A5B3E7D003DDC63</string>
			<key>isa</key>
			<string>PBXBuildFile</string>
		</dict>
		<key>A19D72D31A5B3E7D003DDC63</key>
		<dict>
			<key>containerPortal</key>
			<string>A19D72BD1A5B3E7D003DDC63</string>
			<key>isa</key>
			<string>PBXContainerItemProxy</string>
			<key>proxyType</key>
			<string>1</string>
			<key>remoteGlobalIDString</key>
			<string>A19D72C51A5B3E7D003DDC63</string>
			<key>remoteInfo</key>
			<string>Cards</string>
		</dict>
		<key>A19D72D41A5B3E7D003DDC63</key>
		<dict>
			<key>isa</key>
			<string>PBXTargetDependency</string>
			<key>target</key>
			<string>A19D72C51A5B3E7D003DDC63</string>
			<key>targetProxy</key>
			<string>A19D72D31A5B3E7D003DDC63</string>
		</dict>
		<key>A19D72D51A5B3E7D003DDC63</key>
		<dict>
			<key>children</key>
			<array>
				<string>A19D72D61A5B3E7D003DDC63</string>
				<string>A12041491B9A385D00E80140</string>
			</array>
			<key>isa</key>
			<string>PBXGroup</string>
			<key>name</key>
			<string>SwiftyCardControllerTests</string>
			<key>path</key>
			<string>CardsTests</string>
			<key>sourceTree</key>
			<string>&lt;group&gt;</string>
		</dict>
		<key>A19D72D61A5B3E7D003DDC63</key>
		<dict>
			<key>children</key>
			<array>
				<string>A19D72D71A5B3E7D003DDC63</string>
			</array>
			<key>isa</key>
			<string>PBXGroup</string>
			<key>name</key>
			<string>Supporting Files</string>
			<key>sourceTree</key>
			<string>&lt;group&gt;</string>
		</dict>
		<key>A19D72D71A5B3E7D003DDC63</key>
		<dict>
			<key>isa</key>
			<string>PBXFileReference</string>
			<key>lastKnownFileType</key>
			<string>text.plist.xml</string>
			<key>path</key>
			<string>Info.plist</string>
			<key>sourceTree</key>
			<string>&lt;group&gt;</string>
		</dict>
		<key>A19D72DA1A5B3E7D003DDC63</key>
		<dict>
			<key>buildSettings</key>
			<dict>
				<key>ALWAYS_SEARCH_USER_PATHS</key>
				<string>NO</string>
				<key>CLANG_CXX_LANGUAGE_STANDARD</key>
				<string>gnu++0x</string>
				<key>CLANG_CXX_LIBRARY</key>
				<string>libc++</string>
				<key>CLANG_ENABLE_MODULES</key>
				<string>YES</string>
				<key>CLANG_ENABLE_OBJC_ARC</key>
				<string>YES</string>
				<key>CLANG_WARN_BOOL_CONVERSION</key>
				<string>YES</string>
				<key>CLANG_WARN_CONSTANT_CONVERSION</key>
				<string>YES</string>
				<key>CLANG_WARN_DIRECT_OBJC_ISA_USAGE</key>
				<string>YES_ERROR</string>
				<key>CLANG_WARN_EMPTY_BODY</key>
				<string>YES</string>
				<key>CLANG_WARN_ENUM_CONVERSION</key>
				<string>YES</string>
				<key>CLANG_WARN_INFINITE_RECURSION</key>
				<string>YES</string>
				<key>CLANG_WARN_INT_CONVERSION</key>
				<string>YES</string>
				<key>CLANG_WARN_OBJC_ROOT_CLASS</key>
				<string>YES_ERROR</string>
				<key>CLANG_WARN_SUSPICIOUS_MOVE</key>
				<string>YES</string>
				<key>CLANG_WARN_UNREACHABLE_CODE</key>
				<string>YES</string>
				<key>CLANG_WARN__DUPLICATE_METHOD_MATCH</key>
				<string>YES</string>
				<key>CODE_SIGN_IDENTITY[sdk=iphoneos*]</key>
				<string>iPhone Developer</string>
				<key>COPY_PHASE_STRIP</key>
				<string>NO</string>
				<key>CURRENT_PROJECT_VERSION</key>
				<string>1</string>
				<key>ENABLE_STRICT_OBJC_MSGSEND</key>
				<string>YES</string>
				<key>ENABLE_TESTABILITY</key>
				<string>YES</string>
				<key>GCC_C_LANGUAGE_STANDARD</key>
				<string>gnu99</string>
				<key>GCC_DYNAMIC_NO_PIC</key>
				<string>NO</string>
				<key>GCC_NO_COMMON_BLOCKS</key>
				<string>YES</string>
				<key>GCC_OPTIMIZATION_LEVEL</key>
				<string>0</string>
				<key>GCC_PREPROCESSOR_DEFINITIONS</key>
				<array>
					<string>DEBUG=1</string>
					<string>$(inherited)</string>
				</array>
				<key>GCC_SYMBOLS_PRIVATE_EXTERN</key>
				<string>NO</string>
				<key>GCC_WARN_64_TO_32_BIT_CONVERSION</key>
				<string>YES</string>
				<key>GCC_WARN_ABOUT_RETURN_TYPE</key>
				<string>YES_ERROR</string>
				<key>GCC_WARN_UNDECLARED_SELECTOR</key>
				<string>YES</string>
				<key>GCC_WARN_UNINITIALIZED_AUTOS</key>
				<string>YES_AGGRESSIVE</string>
				<key>GCC_WARN_UNUSED_FUNCTION</key>
				<string>YES</string>
				<key>GCC_WARN_UNUSED_VARIABLE</key>
				<string>YES</string>
				<key>IPHONEOS_DEPLOYMENT_TARGET</key>
				<string>8.0</string>
				<key>MTL_ENABLE_DEBUG_INFO</key>
				<string>YES</string>
				<key>ONLY_ACTIVE_ARCH</key>
				<string>YES</string>
				<key>SDKROOT</key>
				<string>iphoneos</string>
				<key>SWIFT_OPTIMIZATION_LEVEL</key>
				<string>-Onone</string>
				<key>TARGETED_DEVICE_FAMILY</key>
				<string>1,2</string>
				<key>VERSIONING_SYSTEM</key>
				<string>apple-generic</string>
				<key>VERSION_INFO_PREFIX</key>
				<string></string>
			</dict>
			<key>isa</key>
			<string>XCBuildConfiguration</string>
			<key>name</key>
			<string>Debug</string>
		</dict>
		<key>A19D72DB1A5B3E7D003DDC63</key>
		<dict>
			<key>buildSettings</key>
			<dict>
				<key>ALWAYS_SEARCH_USER_PATHS</key>
				<string>NO</string>
				<key>CLANG_CXX_LANGUAGE_STANDARD</key>
				<string>gnu++0x</string>
				<key>CLANG_CXX_LIBRARY</key>
				<string>libc++</string>
				<key>CLANG_ENABLE_MODULES</key>
				<string>YES</string>
				<key>CLANG_ENABLE_OBJC_ARC</key>
				<string>YES</string>
				<key>CLANG_WARN_BOOL_CONVERSION</key>
				<string>YES</string>
				<key>CLANG_WARN_CONSTANT_CONVERSION</key>
				<string>YES</string>
				<key>CLANG_WARN_DIRECT_OBJC_ISA_USAGE</key>
				<string>YES_ERROR</string>
				<key>CLANG_WARN_EMPTY_BODY</key>
				<string>YES</string>
				<key>CLANG_WARN_ENUM_CONVERSION</key>
				<string>YES</string>
				<key>CLANG_WARN_INFINITE_RECURSION</key>
				<string>YES</string>
				<key>CLANG_WARN_INT_CONVERSION</key>
				<string>YES</string>
				<key>CLANG_WARN_OBJC_ROOT_CLASS</key>
				<string>YES_ERROR</string>
				<key>CLANG_WARN_SUSPICIOUS_MOVE</key>
				<string>YES</string>
				<key>CLANG_WARN_UNREACHABLE_CODE</key>
				<string>YES</string>
				<key>CLANG_WARN__DUPLICATE_METHOD_MATCH</key>
				<string>YES</string>
				<key>CODE_SIGN_IDENTITY[sdk=iphoneos*]</key>
				<string>iPhone Developer</string>
				<key>COPY_PHASE_STRIP</key>
				<string>NO</string>
				<key>CURRENT_PROJECT_VERSION</key>
				<string>1</string>
				<key>ENABLE_NS_ASSERTIONS</key>
				<string>NO</string>
				<key>ENABLE_STRICT_OBJC_MSGSEND</key>
				<string>YES</string>
				<key>GCC_C_LANGUAGE_STANDARD</key>
				<string>gnu99</string>
				<key>GCC_NO_COMMON_BLOCKS</key>
				<string>YES</string>
				<key>GCC_WARN_64_TO_32_BIT_CONVERSION</key>
				<string>YES</string>
				<key>GCC_WARN_ABOUT_RETURN_TYPE</key>
				<string>YES_ERROR</string>
				<key>GCC_WARN_UNDECLARED_SELECTOR</key>
				<string>YES</string>
				<key>GCC_WARN_UNINITIALIZED_AUTOS</key>
				<string>YES_AGGRESSIVE</string>
				<key>GCC_WARN_UNUSED_FUNCTION</key>
				<string>YES</string>
				<key>GCC_WARN_UNUSED_VARIABLE</key>
				<string>YES</string>
				<key>IPHONEOS_DEPLOYMENT_TARGET</key>
				<string>8.0</string>
				<key>MTL_ENABLE_DEBUG_INFO</key>
				<string>NO</string>
				<key>SDKROOT</key>
				<string>iphoneos</string>
				<key>SWIFT_OPTIMIZATION_LEVEL</key>
				<string>-Owholemodule</string>
				<key>TARGETED_DEVICE_FAMILY</key>
				<string>1,2</string>
				<key>VALIDATE_PRODUCT</key>
				<string>YES</string>
				<key>VERSIONING_SYSTEM</key>
				<string>apple-generic</string>
				<key>VERSION_INFO_PREFIX</key>
				<string></string>
			</dict>
			<key>isa</key>
			<string>XCBuildConfiguration</string>
			<key>name</key>
			<string>Release</string>
		</dict>
		<key>A19D72DC1A5B3E7D003DDC63</key>
		<dict>
			<key>buildConfigurations</key>
			<array>
				<string>A19D72DD1A5B3E7D003DDC63</string>
				<string>A19D72DE1A5B3E7D003DDC63</string>
			</array>
			<key>defaultConfigurationIsVisible</key>
			<string>0</string>
			<key>defaultConfigurationName</key>
			<string>Release</string>
			<key>isa</key>
			<string>XCConfigurationList</string>
		</dict>
		<key>A19D72DD1A5B3E7D003DDC63</key>
		<dict>
			<key>baseConfigurationReference</key>
			<string>01A23BF6B4CE0FFEFD32837C</string>
			<key>buildSettings</key>
			<dict>
				<key>CLANG_ENABLE_MODULES</key>
				<string>YES</string>
				<key>CODE_SIGN_IDENTITY[sdk=iphoneos*]</key>
				<string></string>
				<key>DEFINES_MODULE</key>
				<string>YES</string>
				<key>DYLIB_COMPATIBILITY_VERSION</key>
				<string>1</string>
				<key>DYLIB_CURRENT_VERSION</key>
				<string>1</string>
				<key>DYLIB_INSTALL_NAME_BASE</key>
				<string>@rpath</string>
				<key>FRAMEWORK_SEARCH_PATHS</key>
				<string>$(inherited)</string>
				<key>INFOPLIST_FILE</key>
				<string>$(SRCROOT)/SwiftyCardController/Info.plist</string>
				<key>INSTALL_PATH</key>
				<string>$(LOCAL_LIBRARY_DIR)/Frameworks</string>
				<key>LD_RUNPATH_SEARCH_PATHS</key>
				<string>$(inherited) @executable_path/Frameworks @loader_path/Frameworks</string>
				<key>PRODUCT_BUNDLE_IDENTIFIER</key>
				<string>com.Andrew.SwiftyCardController</string>
				<key>PRODUCT_NAME</key>
				<string>$(TARGET_NAME)</string>
				<key>SKIP_INSTALL</key>
				<string>YES</string>
				<key>SWIFT_OPTIMIZATION_LEVEL</key>
				<string>-Onone</string>
				<key>SWIFT_VERSION</key>
				<string>3.0</string>
			</dict>
			<key>isa</key>
			<string>XCBuildConfiguration</string>
			<key>name</key>
			<string>Debug</string>
		</dict>
		<key>A19D72DE1A5B3E7D003DDC63</key>
		<dict>
			<key>baseConfigurationReference</key>
			<string>E6834F02198F7D336EF70261</string>
			<key>buildSettings</key>
			<dict>
				<key>CLANG_ENABLE_MODULES</key>
				<string>YES</string>
				<key>CODE_SIGN_IDENTITY[sdk=iphoneos*]</key>
				<string></string>
				<key>DEFINES_MODULE</key>
				<string>YES</string>
				<key>DYLIB_COMPATIBILITY_VERSION</key>
				<string>1</string>
				<key>DYLIB_CURRENT_VERSION</key>
				<string>1</string>
				<key>DYLIB_INSTALL_NAME_BASE</key>
				<string>@rpath</string>
				<key>FRAMEWORK_SEARCH_PATHS</key>
				<string>$(inherited)</string>
				<key>INFOPLIST_FILE</key>
				<string>$(SRCROOT)/SwiftyCardController/Info.plist</string>
				<key>INSTALL_PATH</key>
				<string>$(LOCAL_LIBRARY_DIR)/Frameworks</string>
				<key>LD_RUNPATH_SEARCH_PATHS</key>
				<string>$(inherited) @executable_path/Frameworks @loader_path/Frameworks</string>
				<key>PRODUCT_BUNDLE_IDENTIFIER</key>
				<string>com.Andrew.SwiftyCardController</string>
				<key>PRODUCT_NAME</key>
				<string>$(TARGET_NAME)</string>
				<key>SKIP_INSTALL</key>
				<string>YES</string>
				<key>SWIFT_VERSION</key>
				<string>3.0</string>
			</dict>
			<key>isa</key>
			<string>XCBuildConfiguration</string>
			<key>name</key>
			<string>Release</string>
		</dict>
		<key>A19D72DF1A5B3E7D003DDC63</key>
		<dict>
			<key>buildConfigurations</key>
			<array>
				<string>A19D72E01A5B3E7D003DDC63</string>
				<string>A19D72E11A5B3E7D003DDC63</string>
			</array>
			<key>defaultConfigurationIsVisible</key>
			<string>0</string>
			<key>defaultConfigurationName</key>
			<string>Release</string>
			<key>isa</key>
			<string>XCConfigurationList</string>
		</dict>
		<key>A19D72E01A5B3E7D003DDC63</key>
		<dict>
			<key>baseConfigurationReference</key>
			<string>9C6AE3D37475977FBF37C210</string>
			<key>buildSettings</key>
			<dict>
				<key>ALWAYS_EMBED_SWIFT_STANDARD_LIBRARIES</key>
				<string>YES</string>
				<key>CLANG_ENABLE_MODULES</key>
				<string>YES</string>
				<key>DEVELOPMENT_TEAM</key>
				<string>2DP9335PZJ</string>
				<key>FRAMEWORK_SEARCH_PATHS</key>
				<array>
					<string>$(SDKROOT)/Developer/Library/Frameworks</string>
					<string>$(inherited)</string>
				</array>
				<key>GCC_PREPROCESSOR_DEFINITIONS</key>
				<array>
					<string>DEBUG=1</string>
					<string>$(inherited)</string>
				</array>
				<key>INFOPLIST_FILE</key>
				<string>CardsTests/Info.plist</string>
				<key>LD_RUNPATH_SEARCH_PATHS</key>
				<string>$(inherited) @executable_path/Frameworks @loader_path/Frameworks</string>
				<key>PRODUCT_BUNDLE_IDENTIFIER</key>
				<string>com.yourkarma.$(PRODUCT_NAME:rfc1034identifier)</string>
				<key>PRODUCT_NAME</key>
				<string>$(TARGET_NAME)</string>
				<key>SWIFT_OPTIMIZATION_LEVEL</key>
				<string>-Onone</string>
				<key>SWIFT_VERSION</key>
				<string>3.0</string>
			</dict>
			<key>isa</key>
			<string>XCBuildConfiguration</string>
			<key>name</key>
			<string>Debug</string>
		</dict>
		<key>A19D72E11A5B3E7D003DDC63</key>
		<dict>
			<key>baseConfigurationReference</key>
			<string>CCD7541FD9AF5A66D1185C81</string>
			<key>buildSettings</key>
			<dict>
				<key>ALWAYS_EMBED_SWIFT_STANDARD_LIBRARIES</key>
				<string>YES</string>
				<key>CLANG_ENABLE_MODULES</key>
				<string>YES</string>
				<key>DEVELOPMENT_TEAM</key>
				<string>2DP9335PZJ</string>
				<key>FRAMEWORK_SEARCH_PATHS</key>
				<array>
					<string>$(SDKROOT)/Developer/Library/Frameworks</string>
					<string>$(inherited)</string>
				</array>
				<key>INFOPLIST_FILE</key>
				<string>CardsTests/Info.plist</string>
				<key>LD_RUNPATH_SEARCH_PATHS</key>
				<string>$(inherited) @executable_path/Frameworks @loader_path/Frameworks</string>
				<key>PRODUCT_BUNDLE_IDENTIFIER</key>
				<string>com.yourkarma.$(PRODUCT_NAME:rfc1034identifier)</string>
				<key>PRODUCT_NAME</key>
				<string>$(TARGET_NAME)</string>
				<key>SWIFT_VERSION</key>
				<string>3.0</string>
			</dict>
			<key>isa</key>
			<string>XCBuildConfiguration</string>
			<key>name</key>
			<string>Release</string>
		</dict>
		<key>A88178B4E90B1C689FC11D43</key>
		<dict>
			<key>fileRef</key>
			<string>9C339EC47FA5923361E3A429</string>
			<key>isa</key>
			<string>PBXBuildFile</string>
		</dict>
		<key>B6DC48E30BC60897D960C335</key>
		<dict>
			<key>includeInIndex</key>
			<string>1</string>
			<key>isa</key>
			<string>PBXFileReference</string>
			<key>lastKnownFileType</key>
			<string>text.xcconfig</string>
			<key>name</key>
			<string>Pods-CardsTests.debug.xcconfig</string>
			<key>path</key>
			<string>Pods/Target Support Files/Pods-CardsTests/Pods-CardsTests.debug.xcconfig</string>
			<key>sourceTree</key>
			<string>&lt;group&gt;</string>
		</dict>
		<key>BB6718D68D0C76530DEFA378</key>
		<dict>
			<key>fileRef</key>
			<string>11226267F8077378B42D33D7</string>
			<key>isa</key>
			<string>PBXBuildFile</string>
		</dict>
		<key>BEB8E482A2DDB115DF77AD73</key>
		<dict>
			<key>explicitFileType</key>
			<string>wrapper.framework</string>
			<key>includeInIndex</key>
			<string>0</string>
			<key>isa</key>
			<string>PBXFileReference</string>
			<key>path</key>
			<string>Pods.framework</string>
			<key>sourceTree</key>
			<string>BUILT_PRODUCTS_DIR</string>
		</dict>
		<key>C6A20F4801600AA09FABA9A0</key>
		<dict>
			<key>includeInIndex</key>
			<string>1</string>
			<key>isa</key>
			<string>PBXFileReference</string>
			<key>lastKnownFileType</key>
			<string>text.xcconfig</string>
			<key>name</key>
			<string>Pods-Cards.release.xcconfig</string>
			<key>path</key>
			<string>Pods/Target Support Files/Pods-Cards/Pods-Cards.release.xcconfig</string>
			<key>sourceTree</key>
			<string>&lt;group&gt;</string>
		</dict>
		<key>CCD7541FD9AF5A66D1185C81</key>
		<dict>
			<key>includeInIndex</key>
			<string>1</string>
			<key>isa</key>
			<string>PBXFileReference</string>
			<key>lastKnownFileType</key>
			<string>text.xcconfig</string>
			<key>name</key>
			<string>Pods-SwiftyCardControllerTests.release.xcconfig</string>
			<key>path</key>
			<string>Pods/Target Support Files/Pods-SwiftyCardControllerTests/Pods-SwiftyCardControllerTests.release.xcconfig</string>
			<key>sourceTree</key>
			<string>&lt;group&gt;</string>
		</dict>
		<key>DBD4B9B047062F5945A7CED4</key>
		<dict>
			<key>buildActionMask</key>
			<string>2147483647</string>
			<key>files</key>
			<array/>
			<key>inputPaths</key>
			<array/>
			<key>isa</key>
			<string>PBXShellScriptBuildPhase</string>
			<key>name</key>
			<string>[CP] Embed Pods Frameworks</string>
			<key>outputPaths</key>
			<array/>
			<key>runOnlyForDeploymentPostprocessing</key>
			<string>0</string>
			<key>shellPath</key>
			<string>/bin/sh</string>
			<key>shellScript</key>
			<string>"${SRCROOT}/Pods/Target Support Files/Pods-SwiftyCardControllerTests/Pods-SwiftyCardControllerTests-frameworks.sh"
</string>
			<key>showEnvVarsInLog</key>
			<string>0</string>
		</dict>
		<key>E0B12D40077595BA6659B39D</key>
		<dict>
			<key>children</key>
			<array>
				<string>BEB8E482A2DDB115DF77AD73</string>
				<string>49B13447AF46476B7CC61B3E</string>
				<string>7B22AF379D885992BD98B591</string>
				<string>9C339EC47FA5923361E3A429</string>
				<string>11226267F8077378B42D33D7</string>
			</array>
			<key>isa</key>
			<string>PBXGroup</string>
			<key>name</key>
			<string>Frameworks</string>
			<key>sourceTree</key>
			<string>&lt;group&gt;</string>
		</dict>
		<key>E6834F02198F7D336EF70261</key>
		<dict>
			<key>includeInIndex</key>
			<string>1</string>
			<key>isa</key>
			<string>PBXFileReference</string>
			<key>lastKnownFileType</key>
			<string>text.xcconfig</string>
			<key>name</key>
			<string>Pods-SwiftyCardController.release.xcconfig</string>
			<key>path</key>
			<string>Pods/Target Support Files/Pods-SwiftyCardController/Pods-SwiftyCardController.release.xcconfig</string>
			<key>sourceTree</key>
			<string>&lt;group&gt;</string>
		</dict>
		<key>ECEDE886D9AC32EE6E4FB086</key>
		<dict>
			<key>buildActionMask</key>
			<string>2147483647</string>
			<key>files</key>
			<array/>
			<key>inputPaths</key>
			<array/>
			<key>isa</key>
			<string>PBXShellScriptBuildPhase</string>
			<key>name</key>
			<string>[CP] Copy Pods Resources</string>
			<key>outputPaths</key>
			<array/>
			<key>runOnlyForDeploymentPostprocessing</key>
			<string>0</string>
			<key>shellPath</key>
			<string>/bin/sh</string>
			<key>shellScript</key>
			<string>"${SRCROOT}/Pods/Target Support Files/Pods-SwiftyCardController/Pods-SwiftyCardController-resources.sh"
</string>
			<key>showEnvVarsInLog</key>
			<string>0</string>
		</dict>
	</dict>
	<key>rootObject</key>
	<string>A19D72BD1A5B3E7D003DDC63</string>
</dict>
</plist>
